
Microsoft Visual Studio Solution File, Format Version 12.00
# Visual Studio 15
VisualStudioVersion = 15.0.27428.2015
MinimumVisualStudioVersion = 10.0.40219.1
Project("{9A19103F-16F7-4668-BE54-9A1E7A4F7556}") = "Model", "Model\Model.csproj", "{5420243E-5A23-489B-A454-ECC7682AC52C}"
EndProject
Project("{9A19103F-16F7-4668-BE54-9A1E7A4F7556}") = "WebAPI", "WebAPI\WebAPI.csproj", "{030E21EB-3831-4A6A-AE3B-E017DA0710A7}"
EndProject
Global
	GlobalSection(SolutionConfigurationPlatforms) = preSolution
		Debug|Any CPU = Debug|Any CPU
		Develop|Any CPU = Develop|Any CPU
		Production|Any CPU = Production|Any CPU
		Release|Any CPU = Release|Any CPU
	EndGlobalSection
	GlobalSection(ProjectConfigurationPlatforms) = postSolution
		{5420243E-5A23-489B-A454-ECC7682AC52C}.Debug|Any CPU.ActiveCfg = Debug|Any CPU
		{5420243E-5A23-489B-A454-ECC7682AC52C}.Debug|Any CPU.Build.0 = Debug|Any CPU
		{5420243E-5A23-489B-A454-ECC7682AC52C}.Develop|Any CPU.ActiveCfg = Develop|Any CPU
		{5420243E-5A23-489B-A454-ECC7682AC52C}.Develop|Any CPU.Build.0 = Develop|Any CPU
		{5420243E-5A23-489B-A454-ECC7682AC52C}.Production|Any CPU.ActiveCfg = Release|Any CPU
		{5420243E-5A23-489B-A454-ECC7682AC52C}.Production|Any CPU.Build.0 = Release|Any CPU
		{5420243E-5A23-489B-A454-ECC7682AC52C}.Release|Any CPU.ActiveCfg = Release|Any CPU
		{5420243E-5A23-489B-A454-ECC7682AC52C}.Release|Any CPU.Build.0 = Release|Any CPU
		{030E21EB-3831-4A6A-AE3B-E017DA0710A7}.Debug|Any CPU.ActiveCfg = Debug|Any CPU
		{030E21EB-3831-4A6A-AE3B-E017DA0710A7}.Debug|Any CPU.Build.0 = Debug|Any CPU
		{030E21EB-3831-4A6A-AE3B-E017DA0710A7}.Develop|Any CPU.ActiveCfg = Develop|Any CPU
		{030E21EB-3831-4A6A-AE3B-E017DA0710A7}.Develop|Any CPU.Build.0 = Develop|Any CPU
		{030E21EB-3831-4A6A-AE3B-E017DA0710A7}.Production|Any CPU.ActiveCfg = Release|Any CPU
		{030E21EB-3831-4A6A-AE3B-E017DA0710A7}.Production|Any CPU.Build.0 = Release|Any CPU
		{030E21EB-3831-4A6A-AE3B-E017DA0710A7}.Release|Any CPU.ActiveCfg = Release|Any CPU
		{030E21EB-3831-4A6A-AE3B-E017DA0710A7}.Release|Any CPU.Build.0 = Release|Any CPU
	EndGlobalSection
	GlobalSection(SolutionProperties) = preSolution
		HideSolutionNode = FALSE
	EndGlobalSection
	GlobalSection(ExtensibilityGlobals) = postSolution
		SolutionGuid = {9DFC43BC-950F-4B58-853F-B91D1221EB38}
	EndGlobalSection
EndGlobal
